
Microsoft Visual Studio Solution File, Format Version 12.00
# Visual Studio 14
VisualStudioVersion = 14.0.25123.0
MinimumVisualStudioVersion = 10.0.40219.1
Project("{8BC9CEB8-8B4A-11D0-8D11-00A0C91BC942}") = "test_exe", "test_exe\test_exe.vcxproj", "{5454D84F-10E9-48E2-96F4-C96694BC9E0C}"
EndProject
Project("{8BC9CEB8-8B4A-11D0-8D11-00A0C91BC942}") = "test_dll", "test_dll\test_dll.vcxproj", "{9FFDDFFA-629B-4A15-9B09-9756D78F2095}"
EndProject
Global
	GlobalSection(SolutionConfigurationPlatforms) = preSolution
		Debug|x64 = Debug|x64
		Debug|x86 = Debug|x86
		Release|x64 = Release|x64
		Release|x86 = Release|x86
	EndGlobalSection
	GlobalSection(ProjectConfigurationPlatforms) = postSolution
		{5454D84F-10E9-48E2-96F4-C96694BC9E0C}.Debug|x64.ActiveCfg = Debug|x64
		{5454D84F-10E9-48E2-96F4-C96694BC9E0C}.Debug|x64.Build.0 = Debug|x64
		{5454D84F-10E9-48E2-96F4-C96694BC9E0C}.Debug|x86.ActiveCfg = Debug|Win32
		{5454D84F-10E9-48E2-96F4-C96694BC9E0C}.Debug|x86.Build.0 = Debug|Win32
		{5454D84F-10E9-48E2-96F4-C96694BC9E0C}.Release|x64.ActiveCfg = Release|x64
		{5454D84F-10E9-48E2-96F4-C96694BC9E0C}.Release|x64.Build.0 = Release|x64
		{5454D84F-10E9-48E2-96F4-C96694BC9E0C}.Release|x86.ActiveCfg = Release|Win32
		{5454D84F-10E9-48E2-96F4-C96694BC9E0C}.Release|x86.Build.0 = Release|Win32
		{9FFDDFFA-629B-4A15-9B09-9756D78F2095}.Debug|x64.ActiveCfg = Debug|x64
		{9FFDDFFA-629B-4A15-9B09-9756D78F2095}.Debug|x64.Build.0 = Debug|x64
		{9FFDDFFA-629B-4A15-9B09-9756D78F2095}.Debug|x86.ActiveCfg = Debug|Win32
		{9FFDDFFA-629B-4A15-9B09-9756D78F2095}.Debug|x86.Build.0 = Debug|Win32
		{9FFDDFFA-629B-4A15-9B09-9756D78F2095}.Release|x64.ActiveCfg = Release|x64
		{9FFDDFFA-629B-4A15-9B09-9756D78F2095}.Release|x64.Build.0 = Release|x64
		{9FFDDFFA-629B-4A15-9B09-9756D78F2095}.Release|x86.ActiveCfg = Release|Win32
		{9FFDDFFA-629B-4A15-9B09-9756D78F2095}.Release|x86.Build.0 = Release|Win32
	EndGlobalSection
	GlobalSection(SolutionProperties) = preSolution
		HideSolutionNode = FALSE
	EndGlobalSection
EndGlobal
